// !$*UTF8*$!
{
	archiveVersion = 1;
	classes = {
	};
	objectVersion = 46;
	objects = {

/* Begin PBXBuildFile section */
		BECF699E1D0FA0E100B9A67C /* AppDelegate.swift in Sources */ = {isa = PBXBuildFile; fileRef = BECF699D1D0FA0E100B9A67C /* AppDelegate.swift */; };
		BECF69A01D0FA0E100B9A67C /* ViewController.swift in Sources */ = {isa = PBXBuildFile; fileRef = BECF699F1D0FA0E100B9A67C /* ViewController.swift */; };
		BECF69A31D0FA0E100B9A67C /* Main.storyboard in Resources */ = {isa = PBXBuildFile; fileRef = BECF69A11D0FA0E100B9A67C /* Main.storyboard */; };
		BECF69A61D0FA0E100B9A67C /* gif_teach.xcdatamodeld in Sources */ = {isa = PBXBuildFile; fileRef = BECF69A41D0FA0E100B9A67C /* gif_teach.xcdatamodeld */; };
		BECF69A81D0FA0E100B9A67C /* Assets.xcassets in Resources */ = {isa = PBXBuildFile; fileRef = BECF69A71D0FA0E100B9A67C /* Assets.xcassets */; };
		BECF69AB1D0FA0E100B9A67C /* LaunchScreen.storyboard in Resources */ = {isa = PBXBuildFile; fileRef = BECF69A91D0FA0E100B9A67C /* LaunchScreen.storyboard */; };
/* End PBXBuildFile section */

/* Begin PBXFileReference section */
		BECF699A1D0FA0E100B9A67C /* gif_teach.app */ = {isa = PBXFileReference; explicitFileType = wrapper.application; includeInIndex = 0; path = gif_teach.app; sourceTree = BUILT_PRODUCTS_DIR; };
		BECF699D1D0FA0E100B9A67C /* AppDelegate.swift */ = {isa = PBXFileReference; lastKnownFileType = sourcecode.swift; path = AppDelegate.swift; sourceTree = "<group>"; };
		BECF699F1D0FA0E100B9A67C /* ViewController.swift */ = {isa = PBXFileReference; lastKnownFileType = sourcecode.swift; path = ViewController.swift; sourceTree = "<group>"; };
		BECF69A21D0FA0E100B9A67C /* Base */ = {isa = PBXFileReference; lastKnownFileType = file.storyboard; name = Base; path = Base.lproj/Main.storyboard; sourceTree = "<group>"; };
		BECF69A51D0FA0E100B9A67C /* gif_teach.xcdatamodel */ = {isa = PBXFileReference; lastKnownFileType = wrapper.xcdatamodel; path = gif_teach.xcdatamodel; sourceTree = "<group>"; };
		BECF69A71D0FA0E100B9A67C /* Assets.xcassets */ = {isa = PBXFileReference; lastKnownFileType = folder.assetcatalog; path = Assets.xcassets; sourceTree = "<group>"; };
		BECF69AA1D0FA0E100B9A67C /* Base */ = {isa = PBXFileReference; lastKnownFileType = file.storyboard; name = Base; path = Base.lproj/LaunchScreen.storyboard; sourceTree = "<group>"; };
		BECF69AC1D0FA0E100B9A67C /* Info.plist */ = {isa = PBXFileReference; lastKnownFileType = text.plist.xml; path = Info.plist; sourceTree = "<group>"; };
/* End PBXFileReference section */

/* Begin PBXFrameworksBuildPhase section */
		BECF69971D0FA0E100B9A67C /* Frameworks */ = {
			isa = PBXFrameworksBuildPhase;
			buildActionMask = 2147483647;
			files = (
			);
			runOnlyForDeploymentPostprocessing = 0;
		};
/* End PBXFrameworksBuildPhase section */

/* Begin PBXGroup section */
		BECF69911D0FA0E100B9A67C = {
			isa = PBXGroup;
			children = (
				BECF699C1D0FA0E100B9A67C /* gif_teach */,
				BECF699B1D0FA0E100B9A67C /* Products */,
			);
			sourceTree = "<group>";
		};
		BECF699B1D0FA0E100B9A67C /* Products */ = {
			isa = PBXGroup;
			children = (
				BECF699A1D0FA0E100B9A67C /* gif_teach.app */,
			);
			name = Products;
			sourceTree = "<group>";
		};
		BECF699C1D0FA0E100B9A67C /* gif_teach */ = {
			isa = PBXGroup;
			children = (
				BECF699D1D0FA0E100B9A67C /* AppDelegate.swift */,
				BECF699F1D0FA0E100B9A67C /* ViewController.swift */,
				BECF69A11D0FA0E100B9A67C /* Main.storyboard */,
				BECF69A71D0FA0E100B9A67C /* Assets.xcassets */,
				BECF69A91D0FA0E100B9A67C /* LaunchScreen.storyboard */,
				BECF69AC1D0FA0E100B9A67C /* Info.plist */,
				BECF69A41D0FA0E100B9A67C /* gif_teach.xcdatamodeld */,
			);
			path = gif_teach;
			sourceTree = "<group>";
		};
/* End PBXGroup section */

/* Begin PBXNativeTarget section */
		BECF69991D0FA0E100B9A67C /* gif_teach */ = {
			isa = PBXNativeTarget;
			buildConfigurationList = BECF69AF1D0FA0E100B9A67C /* Build configuration list for PBXNativeTarget "gif_teach" */;
			buildPhases = (
				BECF69961D0FA0E100B9A67C /* Sources */,
				BECF69971D0FA0E100B9A67C /* Frameworks */,
				BECF69981D0FA0E100B9A67C /* Resources */,
			);
			buildRules = (
			);
			dependencies = (
			);
			name = gif_teach;
			productName = gif_teach;
			productReference = BECF699A1D0FA0E100B9A67C /* gif_teach.app */;
			productType = "com.apple.product-type.application";
		};
/* End PBXNativeTarget section */

/* Begin PBXProject section */
		BECF69921D0FA0E100B9A67C /* Project object */ = {
			isa = PBXProject;
			attributes = {
				LastSwiftUpdateCheck = 0730;
				LastUpgradeCheck = 0730;
				ORGANIZATIONNAME = appcoda;
				TargetAttributes = {
					BECF69991D0FA0E100B9A67C = {
						CreatedOnToolsVersion = 7.3;
					};
				};
			};
			buildConfigurationList = BECF69951D0FA0E100B9A67C /* Build configuration list for PBXProject "gif_teach" */;
			compatibilityVersion = "Xcode 3.2";
			developmentRegion = English;
			hasScannedForEncodings = 0;
			knownRegions = (
				en,
				Base,
			);
			mainGroup = BECF69911D0FA0E100B9A67C;
			productRefGroup = BECF699B1D0FA0E100B9A67C /* Products */;
			projectDirPath = "";
			projectRoot = "";
			targets = (
				BECF69991D0FA0E100B9A67C /* gif_teach */,
			);
		};
/* End PBXProject section */

/* Begin PBXResourcesBuildPhase section */
		BECF69981D0FA0E100B9A67C /* Resources */ = {
			isa = PBXResourcesBuildPhase;
			buildActionMask = 2147483647;
			files = (
				BECF69AB1D0FA0E100B9A67C /* LaunchScreen.storyboard in Resources */,
				BECF69A81D0FA0E100B9A67C /* Assets.xcassets in Resources */,
				BECF69A31D0FA0E100B9A67C /* Main.storyboard in Resources */,
			);
			runOnlyForDeploymentPostprocessing = 0;
		};
/* End PBXResourcesBuildPhase section */

/* Begin PBXSourcesBuildPhase section */
		BECF69961D0FA0E100B9A67C /* Sources */ = {
			isa = PBXSourcesBuildPhase;
			buildActionMask = 2147483647;
			files = (
				BECF69A61D0FA0E100B9A67C /* gif_teach.xcdatamodeld in Sources */,
				BECF69A01D0FA0E100B9A67C /* ViewController.swift in Sources */,
				BECF699E1D0FA0E100B9A67C /* AppDelegate.swift in Sources */,
			);
			runOnlyForDeploymentPostprocessing = 0;
		};
/* End PBXSourcesBuildPhase section */

/* Begin PBXVariantGroup section */
		BECF69A11D0FA0E100B9A67C /* Main.storyboard */ = {
			isa = PBXVariantGroup;
			children = (
				BECF69A21D0FA0E100B9A67C /* Base */,
			);
			name = Main.storyboard;
			sourceTree = "<group>";
		};
		BECF69A91D0FA0E100B9A67C /* LaunchScreen.storyboard */ = {
			isa = PBXVariantGroup;
			children = (
				BECF69AA1D0FA0E100B9A67C /* Base */,
			);
			name = LaunchScreen.storyboard;
			sourceTree = "<group>";
		};
/* End PBXVariantGroup section */

/* Begin XCBuildConfiguration section */
		BECF69AD1D0FA0E100B9A67C /* Debug */ = {
			isa = XCBuildConfiguration;
			buildSettings = {
				ALWAYS_SEARCH_USER_PATHS = NO;
				CLANG_ANALYZER_NONNULL = YES;
				CLANG_CXX_LANGUAGE_STANDARD = "gnu++0x";
				CLANG_CXX_LIBRARY = "libc++";
				CLANG_ENABLE_MODULES = YES;
				CLANG_ENABLE_OBJC_ARC = YES;
				CLANG_WARN_BOOL_CONVERSION = YES;
				CLANG_WARN_CONSTANT_CONVERSION = YES;
				CLANG_WARN_DIRECT_OBJC_ISA_USAGE = YES_ERROR;
				CLANG_WARN_EMPTY_BODY = YES;
				CLANG_WARN_ENUM_CONVERSION = YES;
				CLANG_WARN_INT_CONVERSION = YES;
				CLANG_WARN_OBJC_ROOT_CLASS = YES_ERROR;
				CLANG_WARN_UNREACHABLE_CODE = YES;
				CLANG_WARN__DUPLICATE_METHOD_MATCH = YES;
				"CODE_SIGN_IDENTITY[sdk=iphoneos*]" = "iPhone Developer";
				COPY_PHASE_STRIP = NO;
				DEBUG_INFORMATION_FORMAT = dwarf;
				ENABLE_STRICT_OBJC_MSGSEND = YES;
				ENABLE_TESTABILITY = YES;
				GCC_C_LANGUAGE_STANDARD = gnu99;
				GCC_DYNAMIC_NO_PIC = NO;
				GCC_NO_COMMON_BLOCKS = YES;
				GCC_OPTIMIZATION_LEVEL = 0;
				GCC_PREPROCESSOR_DEFINITIONS = (
					"DEBUG=1",
					"$(inherited)",
				);
				GCC_WARN_64_TO_32_BIT_CONVERSION = YES;
				GCC_WARN_ABOUT_RETURN_TYPE = YES_ERROR;
				GCC_WARN_UNDECLARED_SELECTOR = YES;
				GCC_WARN_UNINITIALIZED_AUTOS = YES_AGGRESSIVE;
				GCC_WARN_UNUSED_FUNCTION = YES;
				GCC_WARN_UNUSED_VARIABLE = YES;
				IPHONEOS_DEPLOYMENT_TARGET = 9.3;
				MTL_ENABLE_DEBUG_INFO = YES;
				ONLY_ACTIVE_ARCH = YES;
				SDKROOT = iphoneos;
				SWIFT_OPTIMIZATION_LEVEL = "-Onone";
			};
			name = Debug;
		};
		BECF69AE1D0FA0E100B9A67C /* Release */ = {
			isa = XCBuildConfiguration;
			buildSettings = {
				ALWAYS_SEARCH_USER_PATHS = NO;
				CLANG_ANALYZER_NONNULL = YES;
				CLANG_CXX_LANGUAGE_STANDARD = "gnu++0x";
				CLANG_CXX_LIBRARY = "libc++";
				CLANG_ENABLE_MODULES = YES;
				CLANG_ENABLE_OBJC_ARC = YES;
				CLANG_WARN_BOOL_CONVERSION = YES;
				CLANG_WARN_CONSTANT_CONVERSION = YES;
				CLANG_WARN_DIRECT_OBJC_ISA_USAGE = YES_ERROR;
				CLANG_WARN_EMPTY_BODY = YES;
				CLANG_WARN_ENUM_CONVERSION = YES;
				CLANG_WARN_INT_CONVERSION = YES;
				CLANG_WARN_OBJC_ROOT_CLASS = YES_ERROR;
				CLANG_WARN_UNREACHABLE_CODE = YES;
				CLANG_WARN__DUPLICATE_METHOD_MATCH = YES;
				"CODE_SIGN_IDENTITY[sdk=iphoneos*]" = "iPhone Developer";
				COPY_PHASE_STRIP = NO;
				DEBUG_INFORMATION_FORMAT = "dwarf-with-dsym";
				ENABLE_NS_ASSERTIONS = NO;
				ENABLE_STRICT_OBJC_MSGSEND = YES;
				GCC_C_LANGUAGE_STANDARD = gnu99;
				GCC_NO_COMMON_BLOCKS = YES;
				GCC_WARN_64_TO_32_BIT_CONVERSION = YES;
				GCC_WARN_ABOUT_RETURN_TYPE = YES_ERROR;
				GCC_WARN_UNDECLARED_SELECTOR = YES;
				GCC_WARN_UNINITIALIZED_AUTOS = YES_AGGRESSIVE;
				GCC_WARN_UNUSED_FUNCTION = YES;
				GCC_WARN_UNUSED_VARIABLE = YES;
				IPHONEOS_DEPLOYMENT_TARGET = 9.3;
				MTL_ENABLE_DEBUG_INFO = NO;
				SDKROOT = iphoneos;
				VALIDATE_PRODUCT = YES;
			};
			name = Release;
		};
		BECF69B01D0FA0E100B9A67C /* Debug */ = {
			isa = XCBuildConfiguration;
			buildSettings = {
				ASSETCATALOG_COMPILER_APPICON_NAME = AppIcon;
				INFOPLIST_FILE = gif_teach/Info.plist;
				LD_RUNPATH_SEARCH_PATHS = "$(inherited) @executable_path/Frameworks";
				PRODUCT_BUNDLE_IDENTIFIER = "com.appcoda.gif-teach";
				PRODUCT_NAME = "$(TARGET_NAME)";
			};
			name = Debug;
		};
		BECF69B11D0FA0E100B9A67C /* Release */ = {
			isa = XCBuildConfiguration;
			buildSettings = {
				ASSETCATALOG_COMPILER_APPICON_NAME = AppIcon;
				INFOPLIST_FILE = gif_teach/Info.plist;
				LD_RUNPATH_SEARCH_PATHS = "$(inherited) @executable_path/Frameworks";
				PRODUCT_BUNDLE_IDENTIFIER = "com.appcoda.gif-teach";
				PRODUCT_NAME = "$(TARGET_NAME)";
			};
			name = Release;
		};
/* End XCBuildConfiguration section */

/* Begin XCConfigurationList section */
		BECF69951D0FA0E100B9A67C /* Build configuration list for PBXProject "gif_teach" */ = {
			isa = XCConfigurationList;
			buildConfigurations = (
				BECF69AD1D0FA0E100B9A67C /* Debug */,
				BECF69AE1D0FA0E100B9A67C /* Release */,
			);
			defaultConfigurationIsVisible = 0;
			defaultConfigurationName = Release;
		};
		BECF69AF1D0FA0E100B9A67C /* Build configuration list for PBXNativeTarget "gif_teach" */ = {
			isa = XCConfigurationList;
			buildConfigurations = (
				BECF69B01D0FA0E100B9A67C /* Debug */,
				BECF69B11D0FA0E100B9A67C /* Release */,
			);
			defaultConfigurationIsVisible = 0;
		};
/* End XCConfigurationList section */

/* Begin XCVersionGroup section */
		BECF69A41D0FA0E100B9A67C /* gif_teach.xcdatamodeld */ = {
			isa = XCVersionGroup;
			children = (
				BECF69A51D0FA0E100B9A67C /* gif_teach.xcdatamodel */,
			);
			currentVersion = BECF69A51D0FA0E100B9A67C /* gif_teach.xcdatamodel */;
			path = gif_teach.xcdatamodeld;
			sourceTree = "<group>";
			versionGroupType = wrapper.xcdatamodel;
		};
/* End XCVersionGroup section */
	};
	rootObject = BECF69921D0FA0E100B9A67C /* Project object */;
}
