// !$*UTF8*$!
{
	archiveVersion = 1;
	classes = {
	};
	objectVersion = 46;
	objects = {

/* Begin PBXBuildFile section */
		BE78C1E91D620741002C252E /* AppDelegate.swift in Sources */ = {isa = PBXBuildFile; fileRef = BE78C1E81D620741002C252E /* AppDelegate.swift */; };
		BE78C1EB1D620741002C252E /* ViewController.swift in Sources */ = {isa = PBXBuildFile; fileRef = BE78C1EA1D620741002C252E /* ViewController.swift */; };
		BE78C1EE1D620741002C252E /* Main.storyboard in Resources */ = {isa = PBXBuildFile; fileRef = BE78C1EC1D620741002C252E /* Main.storyboard */; };
		BE78C1F01D620741002C252E /* Assets.xcassets in Resources */ = {isa = PBXBuildFile; fileRef = BE78C1EF1D620741002C252E /* Assets.xcassets */; };
		BE78C1F31D620741002C252E /* LaunchScreen.storyboard in Resources */ = {isa = PBXBuildFile; fileRef = BE78C1F11D620741002C252E /* LaunchScreen.storyboard */; };
/* End PBXBuildFile section */

/* Begin PBXFileReference section */
		BE78C1E51D620741002C252E /* testTablevIEW.app */ = {isa = PBXFileReference; explicitFileType = wrapper.application; includeInIndex = 0; path = testTablevIEW.app; sourceTree = BUILT_PRODUCTS_DIR; };
		BE78C1E81D620741002C252E /* AppDelegate.swift */ = {isa = PBXFileReference; lastKnownFileType = sourcecode.swift; path = AppDelegate.swift; sourceTree = "<group>"; };
		BE78C1EA1D620741002C252E /* ViewController.swift */ = {isa = PBXFileReference; lastKnownFileType = sourcecode.swift; path = ViewController.swift; sourceTree = "<group>"; };
		BE78C1ED1D620741002C252E /* Base */ = {isa = PBXFileReference; lastKnownFileType = file.storyboard; name = Base; path = Base.lproj/Main.storyboard; sourceTree = "<group>"; };
		BE78C1EF1D620741002C252E /* Assets.xcassets */ = {isa = PBXFileReference; lastKnownFileType = folder.assetcatalog; path = Assets.xcassets; sourceTree = "<group>"; };
		BE78C1F21D620741002C252E /* Base */ = {isa = PBXFileReference; lastKnownFileType = file.storyboard; name = Base; path = Base.lproj/LaunchScreen.storyboard; sourceTree = "<group>"; };
		BE78C1F41D620741002C252E /* Info.plist */ = {isa = PBXFileReference; lastKnownFileType = text.plist.xml; path = Info.plist; sourceTree = "<group>"; };
/* End PBXFileReference section */

/* Begin PBXFrameworksBuildPhase section */
		BE78C1E21D620741002C252E /* Frameworks */ = {
			isa = PBXFrameworksBuildPhase;
			buildActionMask = 2147483647;
			files = (
			);
			runOnlyForDeploymentPostprocessing = 0;
		};
/* End PBXFrameworksBuildPhase section */

/* Begin PBXGroup section */
		BE78C1DC1D620741002C252E = {
			isa = PBXGroup;
			children = (
				BE78C1E71D620741002C252E /* testTablevIEW */,
				BE78C1E61D620741002C252E /* Products */,
			);
			sourceTree = "<group>";
		};
		BE78C1E61D620741002C252E /* Products */ = {
			isa = PBXGroup;
			children = (
				BE78C1E51D620741002C252E /* testTablevIEW.app */,
			);
			name = Products;
			sourceTree = "<group>";
		};
		BE78C1E71D620741002C252E /* testTablevIEW */ = {
			isa = PBXGroup;
			children = (
				BE78C1E81D620741002C252E /* AppDelegate.swift */,
				BE78C1EA1D620741002C252E /* ViewController.swift */,
				BE78C1EC1D620741002C252E /* Main.storyboard */,
				BE78C1EF1D620741002C252E /* Assets.xcassets */,
				BE78C1F11D620741002C252E /* LaunchScreen.storyboard */,
				BE78C1F41D620741002C252E /* Info.plist */,
			);
			path = testTablevIEW;
			sourceTree = "<group>";
		};
/* End PBXGroup section */

/* Begin PBXNativeTarget section */
		BE78C1E41D620741002C252E /* testTablevIEW */ = {
			isa = PBXNativeTarget;
			buildConfigurationList = BE78C1F71D620741002C252E /* Build configuration list for PBXNativeTarget "testTablevIEW" */;
			buildPhases = (
				BE78C1E11D620741002C252E /* Sources */,
				BE78C1E21D620741002C252E /* Frameworks */,
				BE78C1E31D620741002C252E /* Resources */,
			);
			buildRules = (
			);
			dependencies = (
			);
			name = testTablevIEW;
			productName = testTablevIEW;
			productReference = BE78C1E51D620741002C252E /* testTablevIEW.app */;
			productType = "com.apple.product-type.application";
		};
/* End PBXNativeTarget section */

/* Begin PBXProject section */
		BE78C1DD1D620741002C252E /* Project object */ = {
			isa = PBXProject;
			attributes = {
				LastSwiftUpdateCheck = 0730;
				LastUpgradeCheck = 0730;
				ORGANIZATIONNAME = appcoda;
				TargetAttributes = {
					BE78C1E41D620741002C252E = {
						CreatedOnToolsVersion = 7.3;
					};
				};
			};
			buildConfigurationList = BE78C1E01D620741002C252E /* Build configuration list for PBXProject "testTablevIEW" */;
			compatibilityVersion = "Xcode 3.2";
			developmentRegion = English;
			hasScannedForEncodings = 0;
			knownRegions = (
				en,
				Base,
			);
			mainGroup = BE78C1DC1D620741002C252E;
			productRefGroup = BE78C1E61D620741002C252E /* Products */;
			projectDirPath = "";
			projectRoot = "";
			targets = (
				BE78C1E41D620741002C252E /* testTablevIEW */,
			);
		};
/* End PBXProject section */

/* Begin PBXResourcesBuildPhase section */
		BE78C1E31D620741002C252E /* Resources */ = {
			isa = PBXResourcesBuildPhase;
			buildActionMask = 2147483647;
			files = (
				BE78C1F31D620741002C252E /* LaunchScreen.storyboard in Resources */,
				BE78C1F01D620741002C252E /* Assets.xcassets in Resources */,
				BE78C1EE1D620741002C252E /* Main.storyboard in Resources */,
			);
			runOnlyForDeploymentPostprocessing = 0;
		};
/* End PBXResourcesBuildPhase section */

/* Begin PBXSourcesBuildPhase section */
		BE78C1E11D620741002C252E /* Sources */ = {
			isa = PBXSourcesBuildPhase;
			buildActionMask = 2147483647;
			files = (
				BE78C1EB1D620741002C252E /* ViewController.swift in Sources */,
				BE78C1E91D620741002C252E /* AppDelegate.swift in Sources */,
			);
			runOnlyForDeploymentPostprocessing = 0;
		};
/* End PBXSourcesBuildPhase section */

/* Begin PBXVariantGroup section */
		BE78C1EC1D620741002C252E /* Main.storyboard */ = {
			isa = PBXVariantGroup;
			children = (
				BE78C1ED1D620741002C252E /* Base */,
			);
			name = Main.storyboard;
			sourceTree = "<group>";
		};
		BE78C1F11D620741002C252E /* LaunchScreen.storyboard */ = {
			isa = PBXVariantGroup;
			children = (
				BE78C1F21D620741002C252E /* Base */,
			);
			name = LaunchScreen.storyboard;
			sourceTree = "<group>";
		};
/* End PBXVariantGroup section */

/* Begin XCBuildConfiguration section */
		BE78C1F51D620741002C252E /* Debug */ = {
			isa = XCBuildConfiguration;
			buildSettings = {
				ALWAYS_SEARCH_USER_PATHS = NO;
				CLANG_ANALYZER_NONNULL = YES;
				CLANG_CXX_LANGUAGE_STANDARD = "gnu++0x";
				CLANG_CXX_LIBRARY = "libc++";
				CLANG_ENABLE_MODULES = YES;
				CLANG_ENABLE_OBJC_ARC = YES;
				CLANG_WARN_BOOL_CONVERSION = YES;
				CLANG_WARN_CONSTANT_CONVERSION = YES;
				CLANG_WARN_DIRECT_OBJC_ISA_USAGE = YES_ERROR;
				CLANG_WARN_EMPTY_BODY = YES;
				CLANG_WARN_ENUM_CONVERSION = YES;
				CLANG_WARN_INT_CONVERSION = YES;
				CLANG_WARN_OBJC_ROOT_CLASS = YES_ERROR;
				CLANG_WARN_UNREACHABLE_CODE = YES;
				CLANG_WARN__DUPLICATE_METHOD_MATCH = YES;
				"CODE_SIGN_IDENTITY[sdk=iphoneos*]" = "iPhone Developer";
				COPY_PHASE_STRIP = NO;
				DEBUG_INFORMATION_FORMAT = dwarf;
				ENABLE_STRICT_OBJC_MSGSEND = YES;
				ENABLE_TESTABILITY = YES;
				GCC_C_LANGUAGE_STANDARD = gnu99;
				GCC_DYNAMIC_NO_PIC = NO;
				GCC_NO_COMMON_BLOCKS = YES;
				GCC_OPTIMIZATION_LEVEL = 0;
				GCC_PREPROCESSOR_DEFINITIONS = (
					"DEBUG=1",
					"$(inherited)",
				);
				GCC_WARN_64_TO_32_BIT_CONVERSION = YES;
				GCC_WARN_ABOUT_RETURN_TYPE = YES_ERROR;
				GCC_WARN_UNDECLARED_SELECTOR = YES;
				GCC_WARN_UNINITIALIZED_AUTOS = YES_AGGRESSIVE;
				GCC_WARN_UNUSED_FUNCTION = YES;
				GCC_WARN_UNUSED_VARIABLE = YES;
				IPHONEOS_DEPLOYMENT_TARGET = 9.3;
				MTL_ENABLE_DEBUG_INFO = YES;
				ONLY_ACTIVE_ARCH = YES;
				SDKROOT = iphoneos;
				SWIFT_OPTIMIZATION_LEVEL = "-Onone";
			};
			name = Debug;
		};
		BE78C1F61D620741002C252E /* Release */ = {
			isa = XCBuildConfiguration;
			buildSettings = {
				ALWAYS_SEARCH_USER_PATHS = NO;
				CLANG_ANALYZER_NONNULL = YES;
				CLANG_CXX_LANGUAGE_STANDARD = "gnu++0x";
				CLANG_CXX_LIBRARY = "libc++";
				CLANG_ENABLE_MODULES = YES;
				CLANG_ENABLE_OBJC_ARC = YES;
				CLANG_WARN_BOOL_CONVERSION = YES;
				CLANG_WARN_CONSTANT_CONVERSION = YES;
				CLANG_WARN_DIRECT_OBJC_ISA_USAGE = YES_ERROR;
				CLANG_WARN_EMPTY_BODY = YES;
				CLANG_WARN_ENUM_CONVERSION = YES;
				CLANG_WARN_INT_CONVERSION = YES;
				CLANG_WARN_OBJC_ROOT_CLASS = YES_ERROR;
				CLANG_WARN_UNREACHABLE_CODE = YES;
				CLANG_WARN__DUPLICATE_METHOD_MATCH = YES;
				"CODE_SIGN_IDENTITY[sdk=iphoneos*]" = "iPhone Developer";
				COPY_PHASE_STRIP = NO;
				DEBUG_INFORMATION_FORMAT = "dwarf-with-dsym";
				ENABLE_NS_ASSERTIONS = NO;
				ENABLE_STRICT_OBJC_MSGSEND = YES;
				GCC_C_LANGUAGE_STANDARD = gnu99;
				GCC_NO_COMMON_BLOCKS = YES;
				GCC_WARN_64_TO_32_BIT_CONVERSION = YES;
				GCC_WARN_ABOUT_RETURN_TYPE = YES_ERROR;
				GCC_WARN_UNDECLARED_SELECTOR = YES;
				GCC_WARN_UNINITIALIZED_AUTOS = YES_AGGRESSIVE;
				GCC_WARN_UNUSED_FUNCTION = YES;
				GCC_WARN_UNUSED_VARIABLE = YES;
				IPHONEOS_DEPLOYMENT_TARGET = 9.3;
				MTL_ENABLE_DEBUG_INFO = NO;
				SDKROOT = iphoneos;
				VALIDATE_PRODUCT = YES;
			};
			name = Release;
		};
		BE78C1F81D620741002C252E /* Debug */ = {
			isa = XCBuildConfiguration;
			buildSettings = {
				ASSETCATALOG_COMPILER_APPICON_NAME = AppIcon;
				INFOPLIST_FILE = testTablevIEW/Info.plist;
				LD_RUNPATH_SEARCH_PATHS = "$(inherited) @executable_path/Frameworks";
				PRODUCT_BUNDLE_IDENTIFIER = com.appcoda.testTablevIEW;
				PRODUCT_NAME = "$(TARGET_NAME)";
			};
			name = Debug;
		};
		BE78C1F91D620741002C252E /* Release */ = {
			isa = XCBuildConfiguration;
			buildSettings = {
				ASSETCATALOG_COMPILER_APPICON_NAME = AppIcon;
				INFOPLIST_FILE = testTablevIEW/Info.plist;
				LD_RUNPATH_SEARCH_PATHS = "$(inherited) @executable_path/Frameworks";
				PRODUCT_BUNDLE_IDENTIFIER = com.appcoda.testTablevIEW;
				PRODUCT_NAME = "$(TARGET_NAME)";
			};
			name = Release;
		};
/* End XCBuildConfiguration section */

/* Begin XCConfigurationList section */
		BE78C1E01D620741002C252E /* Build configuration list for PBXProject "testTablevIEW" */ = {
			isa = XCConfigurationList;
			buildConfigurations = (
				BE78C1F51D620741002C252E /* Debug */,
				BE78C1F61D620741002C252E /* Release */,
			);
			defaultConfigurationIsVisible = 0;
			defaultConfigurationName = Release;
		};
		BE78C1F71D620741002C252E /* Build configuration list for PBXNativeTarget "testTablevIEW" */ = {
			isa = XCConfigurationList;
			buildConfigurations = (
				BE78C1F81D620741002C252E /* Debug */,
				BE78C1F91D620741002C252E /* Release */,
			);
			defaultConfigurationIsVisible = 0;
		};
/* End XCConfigurationList section */
	};
	rootObject = BE78C1DD1D620741002C252E /* Project object */;
}
